// !$*UTF8*$!
{
	archiveVersion = 1;
	classes = {
	};
	objectVersion = 51;
	objects = {

/* Begin PBXBuildFile section */
		0418236F2409543200104C23 /* AppDelegate.swift in Sources */ = {isa = PBXBuildFile; fileRef = 0418236E2409543200104C23 /* AppDelegate.swift */; };
		041823712409543200104C23 /* SceneDelegate.swift in Sources */ = {isa = PBXBuildFile; fileRef = 041823702409543200104C23 /* SceneDelegate.swift */; };
		041823732409543200104C23 /* FirstViewController.swift in Sources */ = {isa = PBXBuildFile; fileRef = 041823722409543200104C23 /* FirstViewController.swift */; };
		0418237A2409543800104C23 /* Assets.xcassets in Resources */ = {isa = PBXBuildFile; fileRef = 041823792409543800104C23 /* Assets.xcassets */; };
		0418238C24095A5F00104C23 /* LaunchScreen.storyboard in Resources */ = {isa = PBXBuildFile; fileRef = 0418237B2409543800104C23 /* LaunchScreen.storyboard */; };
		0418238D24095A5F00104C23 /* Main.storyboard in Resources */ = {isa = PBXBuildFile; fileRef = 041823762409543200104C23 /* Main.storyboard */; };
		0418238F240962B900104C23 /* JobsRepository.swift in Sources */ = {isa = PBXBuildFile; fileRef = 0418238E240962B900104C23 /* JobsRepository.swift */; };
		041823932409662800104C23 /* JobResponse.swift in Sources */ = {isa = PBXBuildFile; fileRef = 041823922409662800104C23 /* JobResponse.swift */; };
		0436AB58240D1952002EE718 /* StringExtension.swift in Sources */ = {isa = PBXBuildFile; fileRef = 0436AB57240D1952002EE718 /* StringExtension.swift */; };
		0436AB5C240D3F80002EE718 /* JobCollectionViewCell.swift in Sources */ = {isa = PBXBuildFile; fileRef = 0436AB5A240D3F80002EE718 /* JobCollectionViewCell.swift */; };
		0436AB5D240D3F80002EE718 /* JobCollectionViewCell.xib in Resources */ = {isa = PBXBuildFile; fileRef = 0436AB5B240D3F80002EE718 /* JobCollectionViewCell.xib */; };
		0436AB5F240D448A002EE718 /* JobViewModel.swift in Sources */ = {isa = PBXBuildFile; fileRef = 0436AB5E240D448A002EE718 /* JobViewModel.swift */; };
		0436AB62240D5337002EE718 /* JobsService.swift in Sources */ = {isa = PBXBuildFile; fileRef = 0436AB61240D5337002EE718 /* JobsService.swift */; };
		BE88B08D5BC18CFD56F4E8FD /* Pods_GitJobz.framework in Frameworks */ = {isa = PBXBuildFile; fileRef = 40DBF22E73D001AF0E4C417D /* Pods_GitJobz.framework */; };
/* End PBXBuildFile section */

/* Begin PBXFileReference section */
		0418236B2409543200104C23 /* GitJobz.app */ = {isa = PBXFileReference; explicitFileType = wrapper.application; includeInIndex = 0; path = GitJobz.app; sourceTree = BUILT_PRODUCTS_DIR; };
		0418236E2409543200104C23 /* AppDelegate.swift */ = {isa = PBXFileReference; lastKnownFileType = sourcecode.swift; path = AppDelegate.swift; sourceTree = "<group>"; };
		041823702409543200104C23 /* SceneDelegate.swift */ = {isa = PBXFileReference; lastKnownFileType = sourcecode.swift; path = SceneDelegate.swift; sourceTree = "<group>"; };
		041823722409543200104C23 /* FirstViewController.swift */ = {isa = PBXFileReference; lastKnownFileType = sourcecode.swift; path = FirstViewController.swift; sourceTree = "<group>"; };
		041823772409543200104C23 /* Base */ = {isa = PBXFileReference; lastKnownFileType = file.storyboard; name = Base; path = Base.lproj/Main.storyboard; sourceTree = "<group>"; };
		041823792409543800104C23 /* Assets.xcassets */ = {isa = PBXFileReference; lastKnownFileType = folder.assetcatalog; path = Assets.xcassets; sourceTree = "<group>"; };
		0418237C2409543800104C23 /* Base */ = {isa = PBXFileReference; lastKnownFileType = file.storyboard; name = Base; path = Base.lproj/LaunchScreen.storyboard; sourceTree = "<group>"; };
		0418237E2409543800104C23 /* Info.plist */ = {isa = PBXFileReference; lastKnownFileType = text.plist.xml; path = Info.plist; sourceTree = "<group>"; };
		0418238E240962B900104C23 /* JobsRepository.swift */ = {isa = PBXFileReference; lastKnownFileType = sourcecode.swift; path = JobsRepository.swift; sourceTree = "<group>"; };
		041823922409662800104C23 /* JobResponse.swift */ = {isa = PBXFileReference; lastKnownFileType = sourcecode.swift; path = JobResponse.swift; sourceTree = "<group>"; };
		0436AB57240D1952002EE718 /* StringExtension.swift */ = {isa = PBXFileReference; lastKnownFileType = sourcecode.swift; path = StringExtension.swift; sourceTree = "<group>"; };
		0436AB5A240D3F80002EE718 /* JobCollectionViewCell.swift */ = {isa = PBXFileReference; lastKnownFileType = sourcecode.swift; path = JobCollectionViewCell.swift; sourceTree = "<group>"; };
		0436AB5B240D3F80002EE718 /* JobCollectionViewCell.xib */ = {isa = PBXFileReference; lastKnownFileType = file.xib; path = JobCollectionViewCell.xib; sourceTree = "<group>"; };
		0436AB5E240D448A002EE718 /* JobViewModel.swift */ = {isa = PBXFileReference; lastKnownFileType = sourcecode.swift; path = JobViewModel.swift; sourceTree = "<group>"; };
		0436AB61240D5337002EE718 /* JobsService.swift */ = {isa = PBXFileReference; lastKnownFileType = sourcecode.swift; path = JobsService.swift; sourceTree = "<group>"; };
		40DBF22E73D001AF0E4C417D /* Pods_GitJobz.framework */ = {isa = PBXFileReference; explicitFileType = wrapper.framework; includeInIndex = 0; path = Pods_GitJobz.framework; sourceTree = BUILT_PRODUCTS_DIR; };
		7D2BCC9D4617CAF3703FE25D /* Pods-GitJobz.debug.xcconfig */ = {isa = PBXFileReference; includeInIndex = 1; lastKnownFileType = text.xcconfig; name = "Pods-GitJobz.debug.xcconfig"; path = "Target Support Files/Pods-GitJobz/Pods-GitJobz.debug.xcconfig"; sourceTree = "<group>"; };
		D881E1BBBD8D91FE8B255B66 /* Pods-GitJobz.release.xcconfig */ = {isa = PBXFileReference; includeInIndex = 1; lastKnownFileType = text.xcconfig; name = "Pods-GitJobz.release.xcconfig"; path = "Target Support Files/Pods-GitJobz/Pods-GitJobz.release.xcconfig"; sourceTree = "<group>"; };
/* End PBXFileReference section */

/* Begin PBXFrameworksBuildPhase section */
		041823682409543200104C23 /* Frameworks */ = {
			isa = PBXFrameworksBuildPhase;
			buildActionMask = 2147483647;
			files = (
				BE88B08D5BC18CFD56F4E8FD /* Pods_GitJobz.framework in Frameworks */,
			);
			runOnlyForDeploymentPostprocessing = 0;
		};
/* End PBXFrameworksBuildPhase section */

/* Begin PBXGroup section */
		041823622409543200104C23 = {
			isa = PBXGroup;
			children = (
				0418236D2409543200104C23 /* GitJobz */,
				0418236C2409543200104C23 /* Products */,
				B4F951DD72BF39B89B410576 /* Pods */,
				9E58B3FFEFEE582B2594952E /* Frameworks */,
			);
			sourceTree = "<group>";
		};
		0418236C2409543200104C23 /* Products */ = {
			isa = PBXGroup;
			children = (
				0418236B2409543200104C23 /* GitJobz.app */,
			);
			name = Products;
			sourceTree = "<group>";
		};
		0418236D2409543200104C23 /* GitJobz */ = {
			isa = PBXGroup;
			children = (
				0436AB60240D5319002EE718 /* Services */,
				0436AB56240D1941002EE718 /* Extensions */,
				0418238A2409585B00104C23 /* Controller */,
				041823892409583400104C23 /* Supporting */,
				041823872409581F00104C23 /* Networking */,
				041823862409581500104C23 /* ViewModel */,
				04182385240957FC00104C23 /* Model */,
				04182384240957F000104C23 /* View */,
			);
			path = GitJobz;
			sourceTree = "<group>";
		};
		04182384240957F000104C23 /* View */ = {
			isa = PBXGroup;
			children = (
				0436AB59240D3F57002EE718 /* Cells */,
				0418237B2409543800104C23 /* LaunchScreen.storyboard */,
				041823762409543200104C23 /* Main.storyboard */,
			);
			path = View;
			sourceTree = "<group>";
		};
		04182385240957FC00104C23 /* Model */ = {
			isa = PBXGroup;
			children = (
			);
			path = Model;
			sourceTree = "<group>";
		};
		041823862409581500104C23 /* ViewModel */ = {
			isa = PBXGroup;
			children = (
				0436AB5E240D448A002EE718 /* JobViewModel.swift */,
			);
			path = ViewModel;
			sourceTree = "<group>";
		};
		041823872409581F00104C23 /* Networking */ = {
			isa = PBXGroup;
			children = (
				041823912409661300104C23 /* Response */,
				041823902409660B00104C23 /* Repos */,
			);
			path = Networking;
			sourceTree = "<group>";
		};
		041823892409583400104C23 /* Supporting */ = {
			isa = PBXGroup;
			children = (
				041823702409543200104C23 /* SceneDelegate.swift */,
				0418236E2409543200104C23 /* AppDelegate.swift */,
				041823792409543800104C23 /* Assets.xcassets */,
				0418237E2409543800104C23 /* Info.plist */,
			);
			path = Supporting;
			sourceTree = "<group>";
		};
		0418238A2409585B00104C23 /* Controller */ = {
			isa = PBXGroup;
			children = (
				041823722409543200104C23 /* FirstViewController.swift */,
			);
			path = Controller;
			sourceTree = "<group>";
		};
		041823902409660B00104C23 /* Repos */ = {
			isa = PBXGroup;
			children = (
				0418238E240962B900104C23 /* JobsRepository.swift */,
			);
			path = Repos;
			sourceTree = "<group>";
		};
		041823912409661300104C23 /* Response */ = {
			isa = PBXGroup;
			children = (
				041823922409662800104C23 /* JobResponse.swift */,
			);
			path = Response;
			sourceTree = "<group>";
		};
		0436AB56240D1941002EE718 /* Extensions */ = {
			isa = PBXGroup;
			children = (
				0436AB57240D1952002EE718 /* StringExtension.swift */,
			);
			path = Extensions;
			sourceTree = "<group>";
		};
		0436AB59240D3F57002EE718 /* Cells */ = {
			isa = PBXGroup;
			children = (
				0436AB5A240D3F80002EE718 /* JobCollectionViewCell.swift */,
				0436AB5B240D3F80002EE718 /* JobCollectionViewCell.xib */,
			);
			path = Cells;
			sourceTree = "<group>";
		};
		0436AB60240D5319002EE718 /* Services */ = {
			isa = PBXGroup;
			children = (
				0436AB61240D5337002EE718 /* JobsService.swift */,
			);
			path = Services;
			sourceTree = "<group>";
		};
		9E58B3FFEFEE582B2594952E /* Frameworks */ = {
			isa = PBXGroup;
			children = (
				40DBF22E73D001AF0E4C417D /* Pods_GitJobz.framework */,
			);
			name = Frameworks;
			sourceTree = "<group>";
		};
		B4F951DD72BF39B89B410576 /* Pods */ = {
			isa = PBXGroup;
			children = (
				7D2BCC9D4617CAF3703FE25D /* Pods-GitJobz.debug.xcconfig */,
				D881E1BBBD8D91FE8B255B66 /* Pods-GitJobz.release.xcconfig */,
			);
			path = Pods;
			sourceTree = "<group>";
		};
/* End PBXGroup section */

/* Begin PBXNativeTarget section */
		0418236A2409543200104C23 /* GitJobz */ = {
			isa = PBXNativeTarget;
			buildConfigurationList = 041823812409543800104C23 /* Build configuration list for PBXNativeTarget "GitJobz" */;
			buildPhases = (
				030A6E9EC71A1723F11BB8F3 /* [CP] Check Pods Manifest.lock */,
				041823672409543200104C23 /* Sources */,
				041823682409543200104C23 /* Frameworks */,
				041823692409543200104C23 /* Resources */,
				93758D09281F885B491041FA /* [CP] Embed Pods Frameworks */,
			);
			buildRules = (
			);
			dependencies = (
			);
			name = GitJobz;
			productName = GitJobz;
			productReference = 0418236B2409543200104C23 /* GitJobz.app */;
			productType = "com.apple.product-type.application";
		};
/* End PBXNativeTarget section */

/* Begin PBXProject section */
		041823632409543200104C23 /* Project object */ = {
			isa = PBXProject;
			attributes = {
				LastSwiftUpdateCheck = 1130;
				LastUpgradeCheck = 1130;
				ORGANIZATIONNAME = b4sht4;
				TargetAttributes = {
					0418236A2409543200104C23 = {
						CreatedOnToolsVersion = 11.3.1;
					};
				};
			};
			buildConfigurationList = 041823662409543200104C23 /* Build configuration list for PBXProject "GitJobz" */;
			compatibilityVersion = "Xcode 9.3";
			developmentRegion = en;
			hasScannedForEncodings = 0;
			knownRegions = (
				en,
				Base,
			);
			mainGroup = 041823622409543200104C23;
			productRefGroup = 0418236C2409543200104C23 /* Products */;
			projectDirPath = "";
			projectRoot = "";
			targets = (
				0418236A2409543200104C23 /* GitJobz */,
			);
		};
/* End PBXProject section */

/* Begin PBXResourcesBuildPhase section */
		041823692409543200104C23 /* Resources */ = {
			isa = PBXResourcesBuildPhase;
			buildActionMask = 2147483647;
			files = (
				0436AB5D240D3F80002EE718 /* JobCollectionViewCell.xib in Resources */,
				0418238C24095A5F00104C23 /* LaunchScreen.storyboard in Resources */,
				0418238D24095A5F00104C23 /* Main.storyboard in Resources */,
				0418237A2409543800104C23 /* Assets.xcassets in Resources */,
			);
			runOnlyForDeploymentPostprocessing = 0;
		};
/* End PBXResourcesBuildPhase section */

/* Begin PBXShellScriptBuildPhase section */
		030A6E9EC71A1723F11BB8F3 /* [CP] Check Pods Manifest.lock */ = {
			isa = PBXShellScriptBuildPhase;
			buildActionMask = 2147483647;
			files = (
			);
			inputFileListPaths = (
			);
			inputPaths = (
				"${PODS_PODFILE_DIR_PATH}/Podfile.lock",
				"${PODS_ROOT}/Manifest.lock",
			);
			name = "[CP] Check Pods Manifest.lock";
			outputFileListPaths = (
			);
			outputPaths = (
				"$(DERIVED_FILE_DIR)/Pods-GitJobz-checkManifestLockResult.txt",
			);
			runOnlyForDeploymentPostprocessing = 0;
			shellPath = /bin/sh;
			shellScript = "diff \"${PODS_PODFILE_DIR_PATH}/Podfile.lock\" \"${PODS_ROOT}/Manifest.lock\" > /dev/null\nif [ $? != 0 ] ; then\n    # print error to STDERR\n    echo \"error: The sandbox is not in sync with the Podfile.lock. Run 'pod install' or update your CocoaPods installation.\" >&2\n    exit 1\nfi\n# This output is used by Xcode 'outputs' to avoid re-running this script phase.\necho \"SUCCESS\" > \"${SCRIPT_OUTPUT_FILE_0}\"\n";
			showEnvVarsInLog = 0;
		};
		93758D09281F885B491041FA /* [CP] Embed Pods Frameworks */ = {
			isa = PBXShellScriptBuildPhase;
			buildActionMask = 2147483647;
			files = (
			);
			inputFileListPaths = (
				"${PODS_ROOT}/Target Support Files/Pods-GitJobz/Pods-GitJobz-frameworks-${CONFIGURATION}-input-files.xcfilelist",
			);
			name = "[CP] Embed Pods Frameworks";
			outputFileListPaths = (
				"${PODS_ROOT}/Target Support Files/Pods-GitJobz/Pods-GitJobz-frameworks-${CONFIGURATION}-output-files.xcfilelist",
			);
			runOnlyForDeploymentPostprocessing = 0;
			shellPath = /bin/sh;
			shellScript = "\"${PODS_ROOT}/Target Support Files/Pods-GitJobz/Pods-GitJobz-frameworks.sh\"\n";
			showEnvVarsInLog = 0;
		};
/* End PBXShellScriptBuildPhase section */

/* Begin PBXSourcesBuildPhase section */
		041823672409543200104C23 /* Sources */ = {
			isa = PBXSourcesBuildPhase;
			buildActionMask = 2147483647;
			files = (
				0436AB5C240D3F80002EE718 /* JobCollectionViewCell.swift in Sources */,
				0418238F240962B900104C23 /* JobsRepository.swift in Sources */,
				0436AB5F240D448A002EE718 /* JobViewModel.swift in Sources */,
				0436AB58240D1952002EE718 /* StringExtension.swift in Sources */,
				041823932409662800104C23 /* JobResponse.swift in Sources */,
				041823732409543200104C23 /* FirstViewController.swift in Sources */,
				0418236F2409543200104C23 /* AppDelegate.swift in Sources */,
				041823712409543200104C23 /* SceneDelegate.swift in Sources */,
				0436AB62240D5337002EE718 /* JobsService.swift in Sources */,
			);
			runOnlyForDeploymentPostprocessing = 0;
		};
/* End PBXSourcesBuildPhase section */

/* Begin PBXVariantGroup section */
		041823762409543200104C23 /* Main.storyboard */ = {
			isa = PBXVariantGroup;
			children = (
				041823772409543200104C23 /* Base */,
			);
			name = Main.storyboard;
			sourceTree = "<group>";
		};
		0418237B2409543800104C23 /* LaunchScreen.storyboard */ = {
			isa = PBXVariantGroup;
			children = (
				0418237C2409543800104C23 /* Base */,
			);
			name = LaunchScreen.storyboard;
			sourceTree = "<group>";
		};
/* End PBXVariantGroup section */

/* Begin XCBuildConfiguration section */
		0418237F2409543800104C23 /* Debug */ = {
			isa = XCBuildConfiguration;
			buildSettings = {
				ALWAYS_SEARCH_USER_PATHS = NO;
				CLANG_ANALYZER_NONNULL = YES;
				CLANG_ANALYZER_NUMBER_OBJECT_CONVERSION = YES_AGGRESSIVE;
				CLANG_CXX_LANGUAGE_STANDARD = "gnu++14";
				CLANG_CXX_LIBRARY = "libc++";
				CLANG_ENABLE_MODULES = YES;
				CLANG_ENABLE_OBJC_ARC = YES;
				CLANG_ENABLE_OBJC_WEAK = YES;
				CLANG_WARN_BLOCK_CAPTURE_AUTORELEASING = YES;
				CLANG_WARN_BOOL_CONVERSION = YES;
				CLANG_WARN_COMMA = YES;
				CLANG_WARN_CONSTANT_CONVERSION = YES;
				CLANG_WARN_DEPRECATED_OBJC_IMPLEMENTATIONS = YES;
				CLANG_WARN_DIRECT_OBJC_ISA_USAGE = YES_ERROR;
				CLANG_WARN_DOCUMENTATION_COMMENTS = YES;
				CLANG_WARN_EMPTY_BODY = YES;
				CLANG_WARN_ENUM_CONVERSION = YES;
				CLANG_WARN_INFINITE_RECURSION = YES;
				CLANG_WARN_INT_CONVERSION = YES;
				CLANG_WARN_NON_LITERAL_NULL_CONVERSION = YES;
				CLANG_WARN_OBJC_IMPLICIT_RETAIN_SELF = YES;
				CLANG_WARN_OBJC_LITERAL_CONVERSION = YES;
				CLANG_WARN_OBJC_ROOT_CLASS = YES_ERROR;
				CLANG_WARN_RANGE_LOOP_ANALYSIS = YES;
				CLANG_WARN_STRICT_PROTOTYPES = YES;
				CLANG_WARN_SUSPICIOUS_MOVE = YES;
				CLANG_WARN_UNGUARDED_AVAILABILITY = YES_AGGRESSIVE;
				CLANG_WARN_UNREACHABLE_CODE = YES;
				CLANG_WARN__DUPLICATE_METHOD_MATCH = YES;
				COPY_PHASE_STRIP = NO;
				DEBUG_INFORMATION_FORMAT = dwarf;
				ENABLE_STRICT_OBJC_MSGSEND = YES;
				ENABLE_TESTABILITY = YES;
				GCC_C_LANGUAGE_STANDARD = gnu11;
				GCC_DYNAMIC_NO_PIC = NO;
				GCC_NO_COMMON_BLOCKS = YES;
				GCC_OPTIMIZATION_LEVEL = 0;
				GCC_PREPROCESSOR_DEFINITIONS = (
					"DEBUG=1",
					"$(inherited)",
				);
				GCC_WARN_64_TO_32_BIT_CONVERSION = YES;
				GCC_WARN_ABOUT_RETURN_TYPE = YES_ERROR;
				GCC_WARN_UNDECLARED_SELECTOR = YES;
				GCC_WARN_UNINITIALIZED_AUTOS = YES_AGGRESSIVE;
				GCC_WARN_UNUSED_FUNCTION = YES;
				GCC_WARN_UNUSED_VARIABLE = YES;
				IPHONEOS_DEPLOYMENT_TARGET = 13.2;
				MTL_ENABLE_DEBUG_INFO = INCLUDE_SOURCE;
				MTL_FAST_MATH = YES;
				ONLY_ACTIVE_ARCH = YES;
				SDKROOT = iphoneos;
				SWIFT_ACTIVE_COMPILATION_CONDITIONS = DEBUG;
				SWIFT_OPTIMIZATION_LEVEL = "-Onone";
			};
			name = Debug;
		};
		041823802409543800104C23 /* Release */ = {
			isa = XCBuildConfiguration;
			buildSettings = {
				ALWAYS_SEARCH_USER_PATHS = NO;
				CLANG_ANALYZER_NONNULL = YES;
				CLANG_ANALYZER_NUMBER_OBJECT_CONVERSION = YES_AGGRESSIVE;
				CLANG_CXX_LANGUAGE_STANDARD = "gnu++14";
				CLANG_CXX_LIBRARY = "libc++";
				CLANG_ENABLE_MODULES = YES;
				CLANG_ENABLE_OBJC_ARC = YES;
				CLANG_ENABLE_OBJC_WEAK = YES;
				CLANG_WARN_BLOCK_CAPTURE_AUTORELEASING = YES;
				CLANG_WARN_BOOL_CONVERSION = YES;
				CLANG_WARN_COMMA = YES;
				CLANG_WARN_CONSTANT_CONVERSION = YES;
				CLANG_WARN_DEPRECATED_OBJC_IMPLEMENTATIONS = YES;
				CLANG_WARN_DIRECT_OBJC_ISA_USAGE = YES_ERROR;
				CLANG_WARN_DOCUMENTATION_COMMENTS = YES;
				CLANG_WARN_EMPTY_BODY = YES;
				CLANG_WARN_ENUM_CONVERSION = YES;
				CLANG_WARN_INFINITE_RECURSION = YES;
				CLANG_WARN_INT_CONVERSION = YES;
				CLANG_WARN_NON_LITERAL_NULL_CONVERSION = YES;
				CLANG_WARN_OBJC_IMPLICIT_RETAIN_SELF = YES;
				CLANG_WARN_OBJC_LITERAL_CONVERSION = YES;
				CLANG_WARN_OBJC_ROOT_CLASS = YES_ERROR;
				CLANG_WARN_RANGE_LOOP_ANALYSIS = YES;
				CLANG_WARN_STRICT_PROTOTYPES = YES;
				CLANG_WARN_SUSPICIOUS_MOVE = YES;
				CLANG_WARN_UNGUARDED_AVAILABILITY = YES_AGGRESSIVE;
				CLANG_WARN_UNREACHABLE_CODE = YES;
				CLANG_WARN__DUPLICATE_METHOD_MATCH = YES;
				COPY_PHASE_STRIP = NO;
				DEBUG_INFORMATION_FORMAT = "dwarf-with-dsym";
				ENABLE_NS_ASSERTIONS = NO;
				ENABLE_STRICT_OBJC_MSGSEND = YES;
				GCC_C_LANGUAGE_STANDARD = gnu11;
				GCC_NO_COMMON_BLOCKS = YES;
				GCC_WARN_64_TO_32_BIT_CONVERSION = YES;
				GCC_WARN_ABOUT_RETURN_TYPE = YES_ERROR;
				GCC_WARN_UNDECLARED_SELECTOR = YES;
				GCC_WARN_UNINITIALIZED_AUTOS = YES_AGGRESSIVE;
				GCC_WARN_UNUSED_FUNCTION = YES;
				GCC_WARN_UNUSED_VARIABLE = YES;
				IPHONEOS_DEPLOYMENT_TARGET = 13.2;
				MTL_ENABLE_DEBUG_INFO = NO;
				MTL_FAST_MATH = YES;
				SDKROOT = iphoneos;
				SWIFT_COMPILATION_MODE = wholemodule;
				SWIFT_OPTIMIZATION_LEVEL = "-O";
				VALIDATE_PRODUCT = YES;
			};
			name = Release;
		};
		041823822409543800104C23 /* Debug */ = {
			isa = XCBuildConfiguration;
			baseConfigurationReference = 7D2BCC9D4617CAF3703FE25D /* Pods-GitJobz.debug.xcconfig */;
			buildSettings = {
				ASSETCATALOG_COMPILER_APPICON_NAME = AppIcon;
				CODE_SIGN_STYLE = Automatic;
				CURRENT_PROJECT_VERSION = 1;
				DEVELOPMENT_TEAM = 88V5AMKH5K;
				INFOPLIST_FILE = GitJobz/Supporting/Info.plist;
				LD_RUNPATH_SEARCH_PATHS = (
					"$(inherited)",
					"@executable_path/Frameworks",
				);
				MARKETING_VERSION = 0.1;
				PRODUCT_BUNDLE_IDENTIFIER = io.b4sht4.GitJobz;
				PRODUCT_NAME = "$(TARGET_NAME)";
				SWIFT_VERSION = 5.0;
				TARGETED_DEVICE_FAMILY = "1,2";
			};
			name = Debug;
		};
		041823832409543800104C23 /* Release */ = {
			isa = XCBuildConfiguration;
			baseConfigurationReference = D881E1BBBD8D91FE8B255B66 /* Pods-GitJobz.release.xcconfig */;
			buildSettings = {
				ASSETCATALOG_COMPILER_APPICON_NAME = AppIcon;
				CODE_SIGN_STYLE = Automatic;
				CURRENT_PROJECT_VERSION = 1;
				DEVELOPMENT_TEAM = 88V5AMKH5K;
				INFOPLIST_FILE = GitJobz/Supporting/Info.plist;
				LD_RUNPATH_SEARCH_PATHS = (
					"$(inherited)",
					"@executable_path/Frameworks",
				);
				MARKETING_VERSION = 0.1;
				PRODUCT_BUNDLE_IDENTIFIER = io.b4sht4.GitJobz;
				PRODUCT_NAME = "$(TARGET_NAME)";
				SWIFT_VERSION = 5.0;
				TARGETED_DEVICE_FAMILY = "1,2";
			};
			name = Release;
		};
/* End XCBuildConfiguration section */

/* Begin XCConfigurationList section */
		041823662409543200104C23 /* Build configuration list for PBXProject "GitJobz" */ = {
			isa = XCConfigurationList;
			buildConfigurations = (
				0418237F2409543800104C23 /* Debug */,
				041823802409543800104C23 /* Release */,
			);
			defaultConfigurationIsVisible = 0;
			defaultConfigurationName = Release;
		};
		041823812409543800104C23 /* Build configuration list for PBXNativeTarget "GitJobz" */ = {
			isa = XCConfigurationList;
			buildConfigurations = (
				041823822409543800104C23 /* Debug */,
				041823832409543800104C23 /* Release */,
			);
			defaultConfigurationIsVisible = 0;
			defaultConfigurationName = Release;
		};
/* End XCConfigurationList section */
	};
	rootObject = 041823632409543200104C23 /* Project object */;
}
